PODS:
  - Audiobus (3.0.3.1)
  - AudioKit (4.0.4):
    - AudioKit/UI (= 4.0.4)
  - AudioKit/UI (4.0.4)

DEPENDENCIES:
  - Audiobus (~> 3.0)
  - AudioKit (~> 4.0.4)

SPEC CHECKSUMS:
  Audiobus: cf0d88d08b8e5a49934ccbb499a9fffc0edad01c
  AudioKit: 647145c0462dc9dc8a8582998cd6db5f2e1ea848

PODFILE CHECKSUM: 2070e7895ae85856567645c99a7e6255d72c6b97

COCOAPODS: 1.3.1
