PODS:
  - Audiobus (3.0.0)
  - AudioKit (3.7)

DEPENDENCIES:
  - Audiobus (~> 3.0)
  - AudioKit (~> 3.7)

SPEC CHECKSUMS:
  Audiobus: ef8074b6b7409c9409b89241f6d7e9086e7cf237
  AudioKit: 73c43705575e483623bf3cf306f823a8677aebdd

PODFILE CHECKSUM: 3e9ad1e5860deaa007e4f11d4fbc55b726d28cb8

COCOAPODS: 1.2.1
